// !$*UTF8*$!
{
	archiveVersion = 1;
	classes = {
	};
	objectVersion = 50;
	objects = {

/* Begin PBXBuildFile section */
		A5204A7B23428E6B000EF956 /* AppDelegate.swift in Sources */ = {isa = PBXBuildFile; fileRef = A5204A7A23428E6B000EF956 /* AppDelegate.swift */; };
		A5204A8023428E6B000EF956 /* Main.storyboard in Resources */ = {isa = PBXBuildFile; fileRef = A5204A7E23428E6B000EF956 /* Main.storyboard */; };
		A5204A8223428E6D000EF956 /* Assets.xcassets in Resources */ = {isa = PBXBuildFile; fileRef = A5204A8123428E6D000EF956 /* Assets.xcassets */; };
		A5204A8523428E6D000EF956 /* LaunchScreen.storyboard in Resources */ = {isa = PBXBuildFile; fileRef = A5204A8323428E6D000EF956 /* LaunchScreen.storyboard */; };
		A5204A9023428E6E000EF956 /* Persist_LabTests.swift in Sources */ = {isa = PBXBuildFile; fileRef = A5204A8F23428E6E000EF956 /* Persist_LabTests.swift */; };
		A5204A9B2342961C000EF956 /* PhotosViewController.swift in Sources */ = {isa = PBXBuildFile; fileRef = A5204A9A2342961C000EF956 /* PhotosViewController.swift */; };
		A5204A9F234297BB000EF956 /* PhotosTableViewCell.swift in Sources */ = {isa = PBXBuildFile; fileRef = A5204A9E234297BB000EF956 /* PhotosTableViewCell.swift */; };
		A5204AA4234299E1000EF956 /* PhotosModel.swift in Sources */ = {isa = PBXBuildFile; fileRef = A5204AA3234299E1000EF956 /* PhotosModel.swift */; };
		A5204AA72342AC71000EF956 /* NetworkManager.swift in Sources */ = {isa = PBXBuildFile; fileRef = A5204AA62342AC71000EF956 /* NetworkManager.swift */; };
		A5204AAA2342ACF8000EF956 /* AppErrorHandler.swift in Sources */ = {isa = PBXBuildFile; fileRef = A5204AA92342ACF8000EF956 /* AppErrorHandler.swift */; };
		A5204AAC2342AD28000EF956 /* PhotosAPIClient.swift in Sources */ = {isa = PBXBuildFile; fileRef = A5204AAB2342AD28000EF956 /* PhotosAPIClient.swift */; };
		A5204AAE23438733000EF956 /* ImageManager.swift in Sources */ = {isa = PBXBuildFile; fileRef = A5204AAD23438733000EF956 /* ImageManager.swift */; };
		A5204AB023438A01000EF956 /* Secret.swift in Sources */ = {isa = PBXBuildFile; fileRef = A5204AAF23438A01000EF956 /* Secret.swift */; };
		A5204AE22343D02F000EF956 /* PhotosDetailViewController.swift in Sources */ = {isa = PBXBuildFile; fileRef = A5204AE12343D02F000EF956 /* PhotosDetailViewController.swift */; };
		A5204AE42343E0E4000EF956 /* FavoritePhoto.swift in Sources */ = {isa = PBXBuildFile; fileRef = A5204AE32343E0E4000EF956 /* FavoritePhoto.swift */; };
		A5204AE62343E291000EF956 /* PersistenceManager.swift in Sources */ = {isa = PBXBuildFile; fileRef = A5204AE52343E291000EF956 /* PersistenceManager.swift */; };
		A5204AE92343E862000EF956 /* PhotoPersistenceHelper.swift in Sources */ = {isa = PBXBuildFile; fileRef = A5204AE82343E862000EF956 /* PhotoPersistenceHelper.swift */; };
/* End PBXBuildFile section */

/* Begin PBXContainerItemProxy section */
		A5204A8C23428E6E000EF956 /* PBXContainerItemProxy */ = {
			isa = PBXContainerItemProxy;
			containerPortal = A5204A6F23428E6B000EF956 /* Project object */;
			proxyType = 1;
			remoteGlobalIDString = A5204A7623428E6B000EF956;
			remoteInfo = "Persist-Lab";
		};
/* End PBXContainerItemProxy section */

/* Begin PBXFileReference section */
		A5204A7723428E6B000EF956 /* Persist-Lab.app */ = {isa = PBXFileReference; explicitFileType = wrapper.application; includeInIndex = 0; path = "Persist-Lab.app"; sourceTree = BUILT_PRODUCTS_DIR; };
		A5204A7A23428E6B000EF956 /* AppDelegate.swift */ = {isa = PBXFileReference; lastKnownFileType = sourcecode.swift; path = AppDelegate.swift; sourceTree = "<group>"; };
		A5204A7F23428E6B000EF956 /* Base */ = {isa = PBXFileReference; lastKnownFileType = file.storyboard; name = Base; path = Base.lproj/Main.storyboard; sourceTree = "<group>"; };
		A5204A8123428E6D000EF956 /* Assets.xcassets */ = {isa = PBXFileReference; lastKnownFileType = folder.assetcatalog; path = Assets.xcassets; sourceTree = "<group>"; };
		A5204A8423428E6D000EF956 /* Base */ = {isa = PBXFileReference; lastKnownFileType = file.storyboard; name = Base; path = Base.lproj/LaunchScreen.storyboard; sourceTree = "<group>"; };
		A5204A8623428E6D000EF956 /* Info.plist */ = {isa = PBXFileReference; lastKnownFileType = text.plist.xml; path = Info.plist; sourceTree = "<group>"; };
		A5204A8B23428E6E000EF956 /* Persist-LabTests.xctest */ = {isa = PBXFileReference; explicitFileType = wrapper.cfbundle; includeInIndex = 0; path = "Persist-LabTests.xctest"; sourceTree = BUILT_PRODUCTS_DIR; };
		A5204A8F23428E6E000EF956 /* Persist_LabTests.swift */ = {isa = PBXFileReference; lastKnownFileType = sourcecode.swift; path = Persist_LabTests.swift; sourceTree = "<group>"; };
		A5204A9123428E6E000EF956 /* Info.plist */ = {isa = PBXFileReference; lastKnownFileType = text.plist.xml; path = Info.plist; sourceTree = "<group>"; };
		A5204A9A2342961C000EF956 /* PhotosViewController.swift */ = {isa = PBXFileReference; lastKnownFileType = sourcecode.swift; path = PhotosViewController.swift; sourceTree = "<group>"; };
		A5204A9E234297BB000EF956 /* PhotosTableViewCell.swift */ = {isa = PBXFileReference; lastKnownFileType = sourcecode.swift; path = PhotosTableViewCell.swift; sourceTree = "<group>"; };
		A5204AA3234299E1000EF956 /* PhotosModel.swift */ = {isa = PBXFileReference; lastKnownFileType = sourcecode.swift; path = PhotosModel.swift; sourceTree = "<group>"; };
		A5204AA62342AC71000EF956 /* NetworkManager.swift */ = {isa = PBXFileReference; lastKnownFileType = sourcecode.swift; path = NetworkManager.swift; sourceTree = "<group>"; };
		A5204AA92342ACF8000EF956 /* AppErrorHandler.swift */ = {isa = PBXFileReference; lastKnownFileType = sourcecode.swift; path = AppErrorHandler.swift; sourceTree = "<group>"; };
		A5204AAB2342AD28000EF956 /* PhotosAPIClient.swift */ = {isa = PBXFileReference; lastKnownFileType = sourcecode.swift; path = PhotosAPIClient.swift; sourceTree = "<group>"; };
		A5204AAD23438733000EF956 /* ImageManager.swift */ = {isa = PBXFileReference; lastKnownFileType = sourcecode.swift; path = ImageManager.swift; sourceTree = "<group>"; };
		A5204AAF23438A01000EF956 /* Secret.swift */ = {isa = PBXFileReference; lastKnownFileType = sourcecode.swift; path = Secret.swift; sourceTree = "<group>"; };
		A5204AE12343D02F000EF956 /* PhotosDetailViewController.swift */ = {isa = PBXFileReference; lastKnownFileType = sourcecode.swift; path = PhotosDetailViewController.swift; sourceTree = "<group>"; };
		A5204AE32343E0E4000EF956 /* FavoritePhoto.swift */ = {isa = PBXFileReference; lastKnownFileType = sourcecode.swift; path = FavoritePhoto.swift; sourceTree = "<group>"; };
		A5204AE52343E291000EF956 /* PersistenceManager.swift */ = {isa = PBXFileReference; lastKnownFileType = sourcecode.swift; path = PersistenceManager.swift; sourceTree = "<group>"; };
		A5204AE82343E862000EF956 /* PhotoPersistenceHelper.swift */ = {isa = PBXFileReference; lastKnownFileType = sourcecode.swift; path = PhotoPersistenceHelper.swift; sourceTree = "<group>"; };
/* End PBXFileReference section */

/* Begin PBXFrameworksBuildPhase section */
		A5204A7423428E6B000EF956 /* Frameworks */ = {
			isa = PBXFrameworksBuildPhase;
			buildActionMask = 2147483647;
			files = (
			);
			runOnlyForDeploymentPostprocessing = 0;
		};
		A5204A8823428E6E000EF956 /* Frameworks */ = {
			isa = PBXFrameworksBuildPhase;
			buildActionMask = 2147483647;
			files = (
			);
			runOnlyForDeploymentPostprocessing = 0;
		};
/* End PBXFrameworksBuildPhase section */

/* Begin PBXGroup section */
		A5204A6E23428E6B000EF956 = {
			isa = PBXGroup;
			children = (
				A5204A7923428E6B000EF956 /* Persist-Lab */,
				A5204A8E23428E6E000EF956 /* Persist-LabTests */,
				A5204A7823428E6B000EF956 /* Products */,
			);
			sourceTree = "<group>";
		};
		A5204A7823428E6B000EF956 /* Products */ = {
			isa = PBXGroup;
			children = (
				A5204A7723428E6B000EF956 /* Persist-Lab.app */,
				A5204A8B23428E6E000EF956 /* Persist-LabTests.xctest */,
			);
			name = Products;
			sourceTree = "<group>";
		};
		A5204A7923428E6B000EF956 /* Persist-Lab */ = {
			isa = PBXGroup;
			children = (
				A5204AA5234299F5000EF956 /* Models */,
				A5204A9C2342962B000EF956 /* Controllers */,
				A5204AA0234297C7000EF956 /* Views */,
				A5204A8123428E6D000EF956 /* Assets.xcassets */,
				A5204A9D23429651000EF956 /* Supporting Files */,
				A5204A8623428E6D000EF956 /* Info.plist */,
			);
			path = "Persist-Lab";
			sourceTree = "<group>";
		};
		A5204A8E23428E6E000EF956 /* Persist-LabTests */ = {
			isa = PBXGroup;
			children = (
				A5204A8F23428E6E000EF956 /* Persist_LabTests.swift */,
				A5204A9123428E6E000EF956 /* Info.plist */,
			);
			path = "Persist-LabTests";
			sourceTree = "<group>";
		};
		A5204A9C2342962B000EF956 /* Controllers */ = {
			isa = PBXGroup;
			children = (
				A5204A9A2342961C000EF956 /* PhotosViewController.swift */,
				A5204AE12343D02F000EF956 /* PhotosDetailViewController.swift */,
				A5204AA82342AC7A000EF956 /* Networking */,
			);
			path = Controllers;
			sourceTree = "<group>";
		};
		A5204A9D23429651000EF956 /* Supporting Files */ = {
			isa = PBXGroup;
			children = (
				A5204A8323428E6D000EF956 /* LaunchScreen.storyboard */,
				A5204A7A23428E6B000EF956 /* AppDelegate.swift */,
			);
			path = "Supporting Files";
			sourceTree = "<group>";
		};
		A5204AA0234297C7000EF956 /* Views */ = {
			isa = PBXGroup;
			children = (
				A5204A7E23428E6B000EF956 /* Main.storyboard */,
				A5204A9E234297BB000EF956 /* PhotosTableViewCell.swift */,
			);
			path = Views;
			sourceTree = "<group>";
		};
		A5204AA5234299F5000EF956 /* Models */ = {
			isa = PBXGroup;
			children = (
				A5204AA3234299E1000EF956 /* PhotosModel.swift */,
				A5204AAF23438A01000EF956 /* Secret.swift */,
				A5204AE32343E0E4000EF956 /* FavoritePhoto.swift */,
			);
			path = Models;
			sourceTree = "<group>";
		};
		A5204AA82342AC7A000EF956 /* Networking */ = {
			isa = PBXGroup;
			children = (
				A5204AA62342AC71000EF956 /* NetworkManager.swift */,
				A5204AA92342ACF8000EF956 /* AppErrorHandler.swift */,
				A5204AAB2342AD28000EF956 /* PhotosAPIClient.swift */,
				A5204AAD23438733000EF956 /* ImageManager.swift */,
				A5204AE72343E299000EF956 /* Persistence */,
			);
			path = Networking;
			sourceTree = "<group>";
		};
		A5204AE72343E299000EF956 /* Persistence */ = {
			isa = PBXGroup;
			children = (
				A5204AE52343E291000EF956 /* PersistenceManager.swift */,
				A5204AE82343E862000EF956 /* PhotoPersistenceHelper.swift */,
			);
			path = Persistence;
			sourceTree = "<group>";
		};
/* End PBXGroup section */

/* Begin PBXNativeTarget section */
		A5204A7623428E6B000EF956 /* Persist-Lab */ = {
			isa = PBXNativeTarget;
			buildConfigurationList = A5204A9423428E6E000EF956 /* Build configuration list for PBXNativeTarget "Persist-Lab" */;
			buildPhases = (
				A5204A7323428E6B000EF956 /* Sources */,
				A5204A7423428E6B000EF956 /* Frameworks */,
				A5204A7523428E6B000EF956 /* Resources */,
			);
			buildRules = (
			);
			dependencies = (
			);
			name = "Persist-Lab";
			productName = "Persist-Lab";
			productReference = A5204A7723428E6B000EF956 /* Persist-Lab.app */;
			productType = "com.apple.product-type.application";
		};
		A5204A8A23428E6E000EF956 /* Persist-LabTests */ = {
			isa = PBXNativeTarget;
			buildConfigurationList = A5204A9723428E6E000EF956 /* Build configuration list for PBXNativeTarget "Persist-LabTests" */;
			buildPhases = (
				A5204A8723428E6E000EF956 /* Sources */,
				A5204A8823428E6E000EF956 /* Frameworks */,
				A5204A8923428E6E000EF956 /* Resources */,
			);
			buildRules = (
			);
			dependencies = (
				A5204A8D23428E6E000EF956 /* PBXTargetDependency */,
			);
			name = "Persist-LabTests";
			productName = "Persist-LabTests";
			productReference = A5204A8B23428E6E000EF956 /* Persist-LabTests.xctest */;
			productType = "com.apple.product-type.bundle.unit-test";
		};
/* End PBXNativeTarget section */

/* Begin PBXProject section */
		A5204A6F23428E6B000EF956 /* Project object */ = {
			isa = PBXProject;
			attributes = {
				LastSwiftUpdateCheck = 1030;
				LastUpgradeCheck = 1030;
				ORGANIZATIONNAME = "Liana Norman";
				TargetAttributes = {
					A5204A7623428E6B000EF956 = {
						CreatedOnToolsVersion = 10.3;
					};
					A5204A8A23428E6E000EF956 = {
						CreatedOnToolsVersion = 10.3;
						TestTargetID = A5204A7623428E6B000EF956;
					};
				};
			};
			buildConfigurationList = A5204A7223428E6B000EF956 /* Build configuration list for PBXProject "Persist-Lab" */;
			compatibilityVersion = "Xcode 9.3";
			developmentRegion = en;
			hasScannedForEncodings = 0;
			knownRegions = (
				en,
				Base,
			);
			mainGroup = A5204A6E23428E6B000EF956;
			productRefGroup = A5204A7823428E6B000EF956 /* Products */;
			projectDirPath = "";
			projectRoot = "";
			targets = (
				A5204A7623428E6B000EF956 /* Persist-Lab */,
				A5204A8A23428E6E000EF956 /* Persist-LabTests */,
			);
		};
/* End PBXProject section */

/* Begin PBXResourcesBuildPhase section */
		A5204A7523428E6B000EF956 /* Resources */ = {
			isa = PBXResourcesBuildPhase;
			buildActionMask = 2147483647;
			files = (
				A5204A8523428E6D000EF956 /* LaunchScreen.storyboard in Resources */,
				A5204A8223428E6D000EF956 /* Assets.xcassets in Resources */,
				A5204A8023428E6B000EF956 /* Main.storyboard in Resources */,
			);
			runOnlyForDeploymentPostprocessing = 0;
		};
		A5204A8923428E6E000EF956 /* Resources */ = {
			isa = PBXResourcesBuildPhase;
			buildActionMask = 2147483647;
			files = (
			);
			runOnlyForDeploymentPostprocessing = 0;
		};
/* End PBXResourcesBuildPhase section */

/* Begin PBXSourcesBuildPhase section */
		A5204A7323428E6B000EF956 /* Sources */ = {
			isa = PBXSourcesBuildPhase;
			buildActionMask = 2147483647;
			files = (
				A5204A9F234297BB000EF956 /* PhotosTableViewCell.swift in Sources */,
				A5204A7B23428E6B000EF956 /* AppDelegate.swift in Sources */,
				A5204AE22343D02F000EF956 /* PhotosDetailViewController.swift in Sources */,
				A5204AE62343E291000EF956 /* PersistenceManager.swift in Sources */,
				A5204AA72342AC71000EF956 /* NetworkManager.swift in Sources */,
				A5204AAE23438733000EF956 /* ImageManager.swift in Sources */,
				A5204AAA2342ACF8000EF956 /* AppErrorHandler.swift in Sources */,
				A5204AA4234299E1000EF956 /* PhotosModel.swift in Sources */,
				A5204AE92343E862000EF956 /* PhotoPersistenceHelper.swift in Sources */,
				A5204AE42343E0E4000EF956 /* FavoritePhoto.swift in Sources */,
				A5204A9B2342961C000EF956 /* PhotosViewController.swift in Sources */,
				A5204AB023438A01000EF956 /* Secret.swift in Sources */,
				A5204AAC2342AD28000EF956 /* PhotosAPIClient.swift in Sources */,
			);
			runOnlyForDeploymentPostprocessing = 0;
		};
		A5204A8723428E6E000EF956 /* Sources */ = {
			isa = PBXSourcesBuildPhase;
			buildActionMask = 2147483647;
			files = (
				A5204A9023428E6E000EF956 /* Persist_LabTests.swift in Sources */,
			);
			runOnlyForDeploymentPostprocessing = 0;
		};
/* End PBXSourcesBuildPhase section */

/* Begin PBXTargetDependency section */
		A5204A8D23428E6E000EF956 /* PBXTargetDependency */ = {
			isa = PBXTargetDependency;
			target = A5204A7623428E6B000EF956 /* Persist-Lab */;
			targetProxy = A5204A8C23428E6E000EF956 /* PBXContainerItemProxy */;
		};
/* End PBXTargetDependency section */

/* Begin PBXVariantGroup section */
		A5204A7E23428E6B000EF956 /* Main.storyboard */ = {
			isa = PBXVariantGroup;
			children = (
				A5204A7F23428E6B000EF956 /* Base */,
			);
			name = Main.storyboard;
			sourceTree = "<group>";
		};
		A5204A8323428E6D000EF956 /* LaunchScreen.storyboard */ = {
			isa = PBXVariantGroup;
			children = (
				A5204A8423428E6D000EF956 /* Base */,
			);
			name = LaunchScreen.storyboard;
			sourceTree = "<group>";
		};
/* End PBXVariantGroup section */

/* Begin XCBuildConfiguration section */
		A5204A9223428E6E000EF956 /* Debug */ = {
			isa = XCBuildConfiguration;
			buildSettings = {
				ALWAYS_SEARCH_USER_PATHS = NO;
				CLANG_ANALYZER_NONNULL = YES;
				CLANG_ANALYZER_NUMBER_OBJECT_CONVERSION = YES_AGGRESSIVE;
				CLANG_CXX_LANGUAGE_STANDARD = "gnu++14";
				CLANG_CXX_LIBRARY = "libc++";
				CLANG_ENABLE_MODULES = YES;
				CLANG_ENABLE_OBJC_ARC = YES;
				CLANG_ENABLE_OBJC_WEAK = YES;
				CLANG_WARN_BLOCK_CAPTURE_AUTORELEASING = YES;
				CLANG_WARN_BOOL_CONVERSION = YES;
				CLANG_WARN_COMMA = YES;
				CLANG_WARN_CONSTANT_CONVERSION = YES;
				CLANG_WARN_DEPRECATED_OBJC_IMPLEMENTATIONS = YES;
				CLANG_WARN_DIRECT_OBJC_ISA_USAGE = YES_ERROR;
				CLANG_WARN_DOCUMENTATION_COMMENTS = YES;
				CLANG_WARN_EMPTY_BODY = YES;
				CLANG_WARN_ENUM_CONVERSION = YES;
				CLANG_WARN_INFINITE_RECURSION = YES;
				CLANG_WARN_INT_CONVERSION = YES;
				CLANG_WARN_NON_LITERAL_NULL_CONVERSION = YES;
				CLANG_WARN_OBJC_IMPLICIT_RETAIN_SELF = YES;
				CLANG_WARN_OBJC_LITERAL_CONVERSION = YES;
				CLANG_WARN_OBJC_ROOT_CLASS = YES_ERROR;
				CLANG_WARN_RANGE_LOOP_ANALYSIS = YES;
				CLANG_WARN_STRICT_PROTOTYPES = YES;
				CLANG_WARN_SUSPICIOUS_MOVE = YES;
				CLANG_WARN_UNGUARDED_AVAILABILITY = YES_AGGRESSIVE;
				CLANG_WARN_UNREACHABLE_CODE = YES;
				CLANG_WARN__DUPLICATE_METHOD_MATCH = YES;
				CODE_SIGN_IDENTITY = "iPhone Developer";
				COPY_PHASE_STRIP = NO;
				DEBUG_INFORMATION_FORMAT = dwarf;
				ENABLE_STRICT_OBJC_MSGSEND = YES;
				ENABLE_TESTABILITY = YES;
				GCC_C_LANGUAGE_STANDARD = gnu11;
				GCC_DYNAMIC_NO_PIC = NO;
				GCC_NO_COMMON_BLOCKS = YES;
				GCC_OPTIMIZATION_LEVEL = 0;
				GCC_PREPROCESSOR_DEFINITIONS = (
					"DEBUG=1",
					"$(inherited)",
				);
				GCC_WARN_64_TO_32_BIT_CONVERSION = YES;
				GCC_WARN_ABOUT_RETURN_TYPE = YES_ERROR;
				GCC_WARN_UNDECLARED_SELECTOR = YES;
				GCC_WARN_UNINITIALIZED_AUTOS = YES_AGGRESSIVE;
				GCC_WARN_UNUSED_FUNCTION = YES;
				GCC_WARN_UNUSED_VARIABLE = YES;
				IPHONEOS_DEPLOYMENT_TARGET = 12.4;
				MTL_ENABLE_DEBUG_INFO = INCLUDE_SOURCE;
				MTL_FAST_MATH = YES;
				ONLY_ACTIVE_ARCH = YES;
				SDKROOT = iphoneos;
				SWIFT_ACTIVE_COMPILATION_CONDITIONS = DEBUG;
				SWIFT_OPTIMIZATION_LEVEL = "-Onone";
			};
			name = Debug;
		};
		A5204A9323428E6E000EF956 /* Release */ = {
			isa = XCBuildConfiguration;
			buildSettings = {
				ALWAYS_SEARCH_USER_PATHS = NO;
				CLANG_ANALYZER_NONNULL = YES;
				CLANG_ANALYZER_NUMBER_OBJECT_CONVERSION = YES_AGGRESSIVE;
				CLANG_CXX_LANGUAGE_STANDARD = "gnu++14";
				CLANG_CXX_LIBRARY = "libc++";
				CLANG_ENABLE_MODULES = YES;
				CLANG_ENABLE_OBJC_ARC = YES;
				CLANG_ENABLE_OBJC_WEAK = YES;
				CLANG_WARN_BLOCK_CAPTURE_AUTORELEASING = YES;
				CLANG_WARN_BOOL_CONVERSION = YES;
				CLANG_WARN_COMMA = YES;
				CLANG_WARN_CONSTANT_CONVERSION = YES;
				CLANG_WARN_DEPRECATED_OBJC_IMPLEMENTATIONS = YES;
				CLANG_WARN_DIRECT_OBJC_ISA_USAGE = YES_ERROR;
				CLANG_WARN_DOCUMENTATION_COMMENTS = YES;
				CLANG_WARN_EMPTY_BODY = YES;
				CLANG_WARN_ENUM_CONVERSION = YES;
				CLANG_WARN_INFINITE_RECURSION = YES;
				CLANG_WARN_INT_CONVERSION = YES;
				CLANG_WARN_NON_LITERAL_NULL_CONVERSION = YES;
				CLANG_WARN_OBJC_IMPLICIT_RETAIN_SELF = YES;
				CLANG_WARN_OBJC_LITERAL_CONVERSION = YES;
				CLANG_WARN_OBJC_ROOT_CLASS = YES_ERROR;
				CLANG_WARN_RANGE_LOOP_ANALYSIS = YES;
				CLANG_WARN_STRICT_PROTOTYPES = YES;
				CLANG_WARN_SUSPICIOUS_MOVE = YES;
				CLANG_WARN_UNGUARDED_AVAILABILITY = YES_AGGRESSIVE;
				CLANG_WARN_UNREACHABLE_CODE = YES;
				CLANG_WARN__DUPLICATE_METHOD_MATCH = YES;
				CODE_SIGN_IDENTITY = "iPhone Developer";
				COPY_PHASE_STRIP = NO;
				DEBUG_INFORMATION_FORMAT = "dwarf-with-dsym";
				ENABLE_NS_ASSERTIONS = NO;
				ENABLE_STRICT_OBJC_MSGSEND = YES;
				GCC_C_LANGUAGE_STANDARD = gnu11;
				GCC_NO_COMMON_BLOCKS = YES;
				GCC_WARN_64_TO_32_BIT_CONVERSION = YES;
				GCC_WARN_ABOUT_RETURN_TYPE = YES_ERROR;
				GCC_WARN_UNDECLARED_SELECTOR = YES;
				GCC_WARN_UNINITIALIZED_AUTOS = YES_AGGRESSIVE;
				GCC_WARN_UNUSED_FUNCTION = YES;
				GCC_WARN_UNUSED_VARIABLE = YES;
				IPHONEOS_DEPLOYMENT_TARGET = 12.4;
				MTL_ENABLE_DEBUG_INFO = NO;
				MTL_FAST_MATH = YES;
				SDKROOT = iphoneos;
				SWIFT_COMPILATION_MODE = wholemodule;
				SWIFT_OPTIMIZATION_LEVEL = "-O";
				VALIDATE_PRODUCT = YES;
			};
			name = Release;
		};
		A5204A9523428E6E000EF956 /* Debug */ = {
			isa = XCBuildConfiguration;
			buildSettings = {
				ASSETCATALOG_COMPILER_APPICON_NAME = AppIcon;
				CODE_SIGN_STYLE = Automatic;
				INFOPLIST_FILE = "Persist-Lab/Info.plist";
				LD_RUNPATH_SEARCH_PATHS = (
					"$(inherited)",
					"@executable_path/Frameworks",
				);
				PRODUCT_BUNDLE_IDENTIFIER = "Pursuit-Projects.Persist-Lab";
				PRODUCT_NAME = "$(TARGET_NAME)";
				SWIFT_VERSION = 5.0;
				TARGETED_DEVICE_FAMILY = "1,2";
			};
			name = Debug;
		};
		A5204A9623428E6E000EF956 /* Release */ = {
			isa = XCBuildConfiguration;
			buildSettings = {
				ASSETCATALOG_COMPILER_APPICON_NAME = AppIcon;
				CODE_SIGN_STYLE = Automatic;
				INFOPLIST_FILE = "Persist-Lab/Info.plist";
				LD_RUNPATH_SEARCH_PATHS = (
					"$(inherited)",
					"@executable_path/Frameworks",
				);
				PRODUCT_BUNDLE_IDENTIFIER = "Pursuit-Projects.Persist-Lab";
				PRODUCT_NAME = "$(TARGET_NAME)";
				SWIFT_VERSION = 5.0;
				TARGETED_DEVICE_FAMILY = "1,2";
			};
			name = Release;
		};
		A5204A9823428E6E000EF956 /* Debug */ = {
			isa = XCBuildConfiguration;
			buildSettings = {
				ALWAYS_EMBED_SWIFT_STANDARD_LIBRARIES = YES;
				BUNDLE_LOADER = "$(TEST_HOST)";
				CODE_SIGN_STYLE = Automatic;
				INFOPLIST_FILE = "Persist-LabTests/Info.plist";
				LD_RUNPATH_SEARCH_PATHS = (
					"$(inherited)",
					"@executable_path/Frameworks",
					"@loader_path/Frameworks",
				);
				PRODUCT_BUNDLE_IDENTIFIER = "Pursuit-Projects.Persist-LabTests";
				PRODUCT_NAME = "$(TARGET_NAME)";
				SWIFT_VERSION = 5.0;
				TARGETED_DEVICE_FAMILY = "1,2";
				TEST_HOST = "$(BUILT_PRODUCTS_DIR)/Persist-Lab.app/Persist-Lab";
			};
			name = Debug;
		};
		A5204A9923428E6E000EF956 /* Release */ = {
			isa = XCBuildConfiguration;
			buildSettings = {
				ALWAYS_EMBED_SWIFT_STANDARD_LIBRARIES = YES;
				BUNDLE_LOADER = "$(TEST_HOST)";
				CODE_SIGN_STYLE = Automatic;
				INFOPLIST_FILE = "Persist-LabTests/Info.plist";
				LD_RUNPATH_SEARCH_PATHS = (
					"$(inherited)",
					"@executable_path/Frameworks",
					"@loader_path/Frameworks",
				);
				PRODUCT_BUNDLE_IDENTIFIER = "Pursuit-Projects.Persist-LabTests";
				PRODUCT_NAME = "$(TARGET_NAME)";
				SWIFT_VERSION = 5.0;
				TARGETED_DEVICE_FAMILY = "1,2";
				TEST_HOST = "$(BUILT_PRODUCTS_DIR)/Persist-Lab.app/Persist-Lab";
			};
			name = Release;
		};
/* End XCBuildConfiguration section */

/* Begin XCConfigurationList section */
		A5204A7223428E6B000EF956 /* Build configuration list for PBXProject "Persist-Lab" */ = {
			isa = XCConfigurationList;
			buildConfigurations = (
				A5204A9223428E6E000EF956 /* Debug */,
				A5204A9323428E6E000EF956 /* Release */,
			);
			defaultConfigurationIsVisible = 0;
			defaultConfigurationName = Release;
		};
		A5204A9423428E6E000EF956 /* Build configuration list for PBXNativeTarget "Persist-Lab" */ = {
			isa = XCConfigurationList;
			buildConfigurations = (
				A5204A9523428E6E000EF956 /* Debug */,
				A5204A9623428E6E000EF956 /* Release */,
			);
			defaultConfigurationIsVisible = 0;
			defaultConfigurationName = Release;
		};
		A5204A9723428E6E000EF956 /* Build configuration list for PBXNativeTarget "Persist-LabTests" */ = {
			isa = XCConfigurationList;
			buildConfigurations = (
				A5204A9823428E6E000EF956 /* Debug */,
				A5204A9923428E6E000EF956 /* Release */,
			);
			defaultConfigurationIsVisible = 0;
			defaultConfigurationName = Release;
		};
/* End XCConfigurationList section */
	};
	rootObject = A5204A6F23428E6B000EF956 /* Project object */;
}
